
Microsoft Visual Studio Solution File, Format Version 12.00
# Visual Studio Version 17
VisualStudioVersion = 17.14.36301.6
MinimumVisualStudioVersion = 10.0.40219.1
Project("{FAE04EC0-301F-11D3-BF4B-00C04F79EFBC}") = "Dotnet.Webapi", "Dotnet.Webapi\Dotnet.Webapi.csproj", "{57E2B687-B8AB-43A2-B32E-4C60BFA14EFF}"
EndProject
Project("{FAE04EC0-301F-11D3-BF4B-00C04F79EFBC}") = "Dotnet.Webapi.Tests", "Dotnet.Webapi.Tests\Dotnet.Webapi.Tests.csproj", "{F1041C45-A26A-4062-9739-05442C998551}"
EndProject
Global
	GlobalSection(SolutionConfigurationPlatforms) = preSolution
		Debug|Any CPU = Debug|Any CPU
		Release|Any CPU = Release|Any CPU
	EndGlobalSection
	GlobalSection(ProjectConfigurationPlatforms) = postSolution
		{57E2B687-B8AB-43A2-B32E-4C60BFA14EFF}.Debug|Any CPU.ActiveCfg = Debug|Any CPU
		{57E2B687-B8AB-43A2-B32E-4C60BFA14EFF}.Debug|Any CPU.Build.0 = Debug|Any CPU
		{57E2B687-B8AB-43A2-B32E-4C60BFA14EFF}.Release|Any CPU.ActiveCfg = Release|Any CPU
		{57E2B687-B8AB-43A2-B32E-4C60BFA14EFF}.Release|Any CPU.Build.0 = Release|Any CPU
		{F1041C45-A26A-4062-9739-05442C998551}.Debug|Any CPU.ActiveCfg = Debug|Any CPU
		{F1041C45-A26A-4062-9739-05442C998551}.Debug|Any CPU.Build.0 = Debug|Any CPU
		{F1041C45-A26A-4062-9739-05442C998551}.Release|Any CPU.ActiveCfg = Release|Any CPU
		{F1041C45-A26A-4062-9739-05442C998551}.Release|Any CPU.Build.0 = Release|Any CPU
	EndGlobalSection
	GlobalSection(SolutionProperties) = preSolution
		HideSolutionNode = FALSE
	EndGlobalSection
	GlobalSection(ExtensibilityGlobals) = postSolution
		SolutionGuid = {DDDEC39A-122D-405A-9E54-E6AE714C4220}
	EndGlobalSection
EndGlobal
